
Microsoft Visual Studio Solution File, Format Version 12.00
# Visual Studio Version 17
VisualStudioVersion = 17.4.32912.340
MinimumVisualStudioVersion = 10.0.40219.1
Project("{9A19103F-16F7-4668-BE54-9A1E7A4F7556}") = "Helium.Build", "src\Helium.Build\Helium.Build.csproj", "{D2881F1A-CF6F-49B8-BA88-BAB51F946CAD}"
EndProject
Global
	GlobalSection(SolutionConfigurationPlatforms) = preSolution
		Debug|Any CPU = Debug|Any CPU
		Release|Any CPU = Release|Any CPU
	EndGlobalSection
	GlobalSection(ProjectConfigurationPlatforms) = postSolution
		{D2881F1A-CF6F-49B8-BA88-BAB51F946CAD}.Debug|Any CPU.ActiveCfg = Debug|Any CPU
		{D2881F1A-CF6F-49B8-BA88-BAB51F946CAD}.Debug|Any CPU.Build.0 = Debug|Any CPU
		{D2881F1A-CF6F-49B8-BA88-BAB51F946CAD}.Release|Any CPU.ActiveCfg = Release|Any CPU
		{D2881F1A-CF6F-49B8-BA88-BAB51F946CAD}.Release|Any CPU.Build.0 = Release|Any CPU
	EndGlobalSection
	GlobalSection(SolutionProperties) = preSolution
		HideSolutionNode = FALSE
	EndGlobalSection
	GlobalSection(ExtensibilityGlobals) = postSolution
		SolutionGuid = {B07D0BC3-C54C-4004-A0ED-38C830A93909}
	EndGlobalSection
EndGlobal
